
Microsoft Visual Studio Solution File, Format Version 12.00
# Visual Studio 2013
VisualStudioVersion = 12.0.21005.1
MinimumVisualStudioVersion = 10.0.40219.1
Project("{FAE04EC0-301F-11D3-BF4B-00C04F79EFBC}") = "Packet-analyzer", "Packet-analyzer\Packet-analyzer.csproj", "{60F8C18B-FD10-4AC1-8FE1-EAB74C9E07DA}"
EndProject
Project("{FAE04EC0-301F-11D3-BF4B-00C04F79EFBC}") = "SharpPcap", "SharpPcap\SharpPcap.csproj", "{24262E52-1304-4A25-8F73-A3B06E40592E}"
EndProject
Global
	GlobalSection(SolutionConfigurationPlatforms) = preSolution
		Debug|Any CPU = Debug|Any CPU
		Release|Any CPU = Release|Any CPU
	EndGlobalSection
	GlobalSection(ProjectConfigurationPlatforms) = postSolution
		{60F8C18B-FD10-4AC1-8FE1-EAB74C9E07DA}.Debug|Any CPU.ActiveCfg = Debug|Any CPU
		{60F8C18B-FD10-4AC1-8FE1-EAB74C9E07DA}.Debug|Any CPU.Build.0 = Debug|Any CPU
		{60F8C18B-FD10-4AC1-8FE1-EAB74C9E07DA}.Release|Any CPU.ActiveCfg = Release|Any CPU
		{60F8C18B-FD10-4AC1-8FE1-EAB74C9E07DA}.Release|Any CPU.Build.0 = Release|Any CPU
		{24262E52-1304-4A25-8F73-A3B06E40592E}.Debug|Any CPU.ActiveCfg = Debug|Any CPU
		{24262E52-1304-4A25-8F73-A3B06E40592E}.Debug|Any CPU.Build.0 = Debug|Any CPU
		{24262E52-1304-4A25-8F73-A3B06E40592E}.Release|Any CPU.ActiveCfg = Release|Any CPU
		{24262E52-1304-4A25-8F73-A3B06E40592E}.Release|Any CPU.Build.0 = Release|Any CPU
	EndGlobalSection
	GlobalSection(SolutionProperties) = preSolution
		HideSolutionNode = FALSE
	EndGlobalSection
EndGlobal
